
Microsoft Visual Studio Solution File, Format Version 12.00
# Visual Studio Version 17
VisualStudioVersion = 17.7.34031.279
MinimumVisualStudioVersion = 10.0.40219.1
Project("{FAE04EC0-301F-11D3-BF4B-00C04F79EFBC}") = "Workforce", "Workforce\Workforce.csproj", "{5350255C-4853-4734-AD9A-979EC413C708}"
EndProject
Global
	GlobalSection(SolutionConfigurationPlatforms) = preSolution
		Debug|Any CPU = Debug|Any CPU
		Release|Any CPU = Release|Any CPU
	EndGlobalSection
	GlobalSection(ProjectConfigurationPlatforms) = postSolution
		{5350255C-4853-4734-AD9A-979EC413C708}.Debug|Any CPU.ActiveCfg = Debug|Any CPU
		{5350255C-4853-4734-AD9A-979EC413C708}.Debug|Any CPU.Build.0 = Debug|Any CPU
		{5350255C-4853-4734-AD9A-979EC413C708}.Release|Any CPU.ActiveCfg = Release|Any CPU
		{5350255C-4853-4734-AD9A-979EC413C708}.Release|Any CPU.Build.0 = Release|Any CPU
	EndGlobalSection
	GlobalSection(SolutionProperties) = preSolution
		HideSolutionNode = FALSE
	EndGlobalSection
	GlobalSection(ExtensibilityGlobals) = postSolution
		SolutionGuid = {C805A2D1-F4E4-44C9-85EE-6CC468D6161C}
	EndGlobalSection
EndGlobal
